{
  "nodes": {
    "client": {
      "inputs": {
        "nixpkgs": [
          "nixpkgs"
        ]
      },
      "locked": {
        "lastModified": 1,
        "narHash": "sha256-i6JTXR5mmeuTUq1TkLwOtZQaKSrpBNgXU3ROqQ7FEys=",
        "path": "./client",
        "type": "path"
      },
      "original": {
        "path": "./client",
        "type": "path"
      }
    },
    "nixpkgs": {
      "locked": {
        "lastModified": 1734298836,
        "narHash": "sha256-inc53b+Ej1jG0ThZuYdMigA/ACWd7eOt3uSKuXtULqo=",
        "owner": "NixOS",
        "repo": "nixpkgs",
        "rev": "d2fdb4818da7e5eeef7f1f2e7e9a46ee4ce1fa7d",
        "type": "github"
      },
      "original": {
        "owner": "NixOS",
        "repo": "nixpkgs",
        "type": "github"
      }
    },
    "root": {
      "inputs": {
        "client": "client",
        "nixpkgs": "nixpkgs",
        "server": "server"
      }
    },
    "server": {
      "inputs": {
        "nixpkgs": [
          "nixpkgs"
        ]
      },
      "locked": {
        "lastModified": 1,
        "narHash": "sha256-vOckdOkKRTNvvgiaRmxbcYy6nB8x97Eh6GQ8a0Aro0E=",
        "path": "./server",
        "type": "path"
      },
      "original": {
        "path": "./server",
        "type": "path"
      }
    }
  },
  "root": "root",
  "version": 7
}
